{
  "pins" : [
    {
      "identity" : "qualtrics-digital-ios-sdk",
      "kind" : "remoteSourceControl",
      "location" : "https://github.com/qualtrics/qualtrics-digital-ios-sdk.git",
      "state" : {
        "revision" : "0fb061df549282c0b6079515059c5e50d75c5992",
        "version" : "2.15.0"
      }
    },
    {
      "identity" : "snapkit",
      "kind" : "remoteSourceControl",
      "location" : "https://github.com/SnapKit/SnapKit.git",
      "state" : {
        "revision" : "f222cbdf325885926566172f6f5f06af95473158",
        "version" : "5.6.0"
      }
    },
    {
      "identity" : "svprogresshud",
      "kind" : "remoteSourceControl",
      "location" : "https://github.com/littleigloo/SVProgressHUD.git",
      "state" : {
        "revision" : "3580cb55f351d83f861f52362aa38305f663f88d",
        "version" : "1.0.0"
      }
    }
  ],
  "version" : 2
}
