{
  "pins" : [
    {
      "identity" : "svprogresshud",
      "kind" : "remoteSourceControl",
      "location" : "https://github.com/littleigloo/SVProgressHUD.git",
      "state" : {
        "revision" : "3580cb55f351d83f861f52362aa38305f663f88d",
        "version" : "1.0.0"
      }
    }
  ],
  "version" : 2
}
